lockfileVersion: 5.4

specifiers:
  jotai: '>= 1.0.0 < 3'
  react: '>=17.0.0'
  typescript: ^4.9.5

dependencies:
  jotai: 2.0.3_react@18.2.0
  react: 18.2.0

devDependencies:
  typescript: 4.9.5

packages:

  /jotai/2.0.3_react@18.2.0:
    resolution: {integrity: sha512-MMjhSPAL3RoeZD9WbObufRT2quThEAEknHHridf2ma8Ml7ZVQmUiHk0ssdbR3F0h3kcwhYqSGJ59OjhPge7RRg==}
    engines: {node: '>=12.20.0'}
    peerDependencies:
      react: '>=17.0.0'
    peerDependenciesMeta:
      react:
        optional: true
    dependencies:
      react: 18.2.0
    dev: false

  /js-tokens/4.0.0:
    resolution: {integrity: sha512-RdJUflcE3cUzKiMqQgsCu06FPu9UdIJO0beYbPhHN4k6apgJtifcoCtT9bcxOpYBtpD2kCM6Sbzg4CausW/PKQ==}
    dev: false

  /loose-envify/1.4.0:
    resolution: {integrity: sha512-lyuxPGr/Wfhrlem2CL/UcnUc1zcqKAImBDzukY7Y5F/yQiNdko6+fRLevlw1HgMySw7f611UIY408EtxRSoK3Q==}
    hasBin: true
    dependencies:
      js-tokens: 4.0.0
    dev: false

  /react/18.2.0:
    resolution: {integrity: sha512-/3IjMdb2L9QbBdWiW5e3P2/npwMBaU9mHCSCUzNln0ZCYbcfTsGbTJrU/kGemdH2IWmB2ioZ+zkxtmq6g09fGQ==}
    engines: {node: '>=0.10.0'}
    dependencies:
      loose-envify: 1.4.0
    dev: false

  /typescript/4.9.5:
    resolution: {integrity: sha512-1FXk9E2Hm+QzZQ7z+McJiHL4NW1F2EzMu9Nq9i3zAaGqibafqYwCVU6WyWAuyQRRzOlxou8xZSyXLEN8oKj24g==}
    engines: {node: '>=4.2.0'}
    hasBin: true
    dev: true
